Microsoft Visual Studio Solution File, Format Version 12.00
# Visual Studio Version 17
VisualStudioVersion = 17.14.35806.103
MinimumVisualStudioVersion = 10.0.40219.1
Project("{FAE04EC0-301F-11D3-BF4B-00C04F79EFBC}") = "AspireDemo", "AspireDemo\AspireDemo.csproj", "{21995973-5251-4BBF-FBD0-C853334E5AF0}"
EndProject
Project("{FAE04EC0-301F-11D3-BF4B-00C04F79EFBC}") = "AspireDemo.AppHost", "AspireDemo.AppHost\AspireDemo.AppHost.csproj", "{F43FF104-D66D-4713-8356-A48C59A7D589}"
EndProject
Project("{FAE04EC0-301F-11D3-BF4B-00C04F79EFBC}") = "AspireDemo.ServiceDefaults", "AspireDemo.ServiceDefaults\AspireDemo.ServiceDefaults.csproj", "{3790E586-043D-8337-B74A-5144E691611D}"
EndProject
Project("{2150E333-8FDC-42A3-9474-1A3956D46DE8}") = "Solution Items", "Solution Items", "{02EA681E-C7D8-13C7-8484-4AC65E1B71E8}"
	ProjectSection(SolutionItems) = preProject
		.editorconfig = .editorconfig
		Testing.http = Testing.http
		README.md = README.md
	EndProjectSection
EndProject
Project("{FAE04EC0-301F-11D3-BF4B-00C04F79EFBC}") = "SetupDatabase", "SetupDatabase\SetupDatabase.csproj", "{71D253BF-92E6-4197-8C89-4D1EFDE66C50}"
EndProject
Project("{FAE04EC0-301F-11D3-BF4B-00C04F79EFBC}") = "ProcessingFunction", "ProcessingFunction\ProcessingFunction.csproj", "{784CE80C-D517-4F24-9882-95DEE2A11ADA}"
EndProject
Global
	GlobalSection(SolutionConfigurationPlatforms) = preSolution
		Debug|Any CPU = Debug|Any CPU
		Release|Any CPU = Release|Any CPU
	EndGlobalSection
	GlobalSection(ProjectConfigurationPlatforms) = postSolution
		{21995973-5251-4BBF-FBD0-C853334E5AF0}.Debug|Any CPU.ActiveCfg = Debug|Any CPU
		{21995973-5251-4BBF-FBD0-C853334E5AF0}.Debug|Any CPU.Build.0 = Debug|Any CPU
		{21995973-5251-4BBF-FBD0-C853334E5AF0}.Release|Any CPU.ActiveCfg = Release|Any CPU
		{21995973-5251-4BBF-FBD0-C853334E5AF0}.Release|Any CPU.Build.0 = Release|Any CPU
		{F43FF104-D66D-4713-8356-A48C59A7D589}.Debug|Any CPU.ActiveCfg = Debug|Any CPU
		{F43FF104-D66D-4713-8356-A48C59A7D589}.Debug|Any CPU.Build.0 = Debug|Any CPU
		{F43FF104-D66D-4713-8356-A48C59A7D589}.Release|Any CPU.ActiveCfg = Release|Any CPU
		{F43FF104-D66D-4713-8356-A48C59A7D589}.Release|Any CPU.Build.0 = Release|Any CPU
		{3790E586-043D-8337-B74A-5144E691611D}.Debug|Any CPU.ActiveCfg = Debug|Any CPU
		{3790E586-043D-8337-B74A-5144E691611D}.Debug|Any CPU.Build.0 = Debug|Any CPU
		{3790E586-043D-8337-B74A-5144E691611D}.Release|Any CPU.ActiveCfg = Release|Any CPU
		{3790E586-043D-8337-B74A-5144E691611D}.Release|Any CPU.Build.0 = Release|Any CPU
		{71D253BF-92E6-4197-8C89-4D1EFDE66C50}.Debug|Any CPU.ActiveCfg = Debug|Any CPU
		{71D253BF-92E6-4197-8C89-4D1EFDE66C50}.Debug|Any CPU.Build.0 = Debug|Any CPU
		{71D253BF-92E6-4197-8C89-4D1EFDE66C50}.Release|Any CPU.ActiveCfg = Release|Any CPU
		{71D253BF-92E6-4197-8C89-4D1EFDE66C50}.Release|Any CPU.Build.0 = Release|Any CPU
		{784CE80C-D517-4F24-9882-95DEE2A11ADA}.Debug|Any CPU.ActiveCfg = Debug|Any CPU
		{784CE80C-D517-4F24-9882-95DEE2A11ADA}.Debug|Any CPU.Build.0 = Debug|Any CPU
		{784CE80C-D517-4F24-9882-95DEE2A11ADA}.Release|Any CPU.ActiveCfg = Release|Any CPU
		{784CE80C-D517-4F24-9882-95DEE2A11ADA}.Release|Any CPU.Build.0 = Release|Any CPU
	EndGlobalSection
	GlobalSection(SolutionProperties) = preSolution
		HideSolutionNode = FALSE
	EndGlobalSection
	GlobalSection(ExtensibilityGlobals) = postSolution
		SolutionGuid = {BE9908FD-B85B-4E0F-9667-33E0292D67BA}
	EndGlobalSection
EndGlobal
